
Microsoft Visual Studio Solution File, Format Version 12.00
# Visual Studio Version 17
VisualStudioVersion = 17.7.34003.232
MinimumVisualStudioVersion = 10.0.40219.1
Project("{FAE04EC0-301F-11D3-BF4B-00C04F79EFBC}") = "LIN.Auth", "LIN.Auth\LIN.Auth.csproj", "{56E0DD97-DE1B-4F71-BC58-C43BC17CC0A1}"
EndProject
Project("{FAE04EC0-301F-11D3-BF4B-00C04F79EFBC}") = "LIN.Types.Auth", "..\..\Tipos\LIN.Auth.Types\LIN.Types.Auth.csproj", "{9B488A84-5765-4776-B9E0-971116F5376B}"
EndProject
Project("{FAE04EC0-301F-11D3-BF4B-00C04F79EFBC}") = "LIN.Types", "..\..\Tipos\LIN.Types\LIN.Types.csproj", "{5154207E-1CF9-4065-A4DE-456D8E369524}"
EndProject
Project("{FAE04EC0-301F-11D3-BF4B-00C04F79EFBC}") = "LIN.Modules", "..\..\Tipos\LIN.Modules\LIN.Modules.csproj", "{7A5043D3-B280-49D6-8C69-9E02594141E5}"
EndProject
Project("{9A19103F-16F7-4668-BE54-9A1E7A4F7556}") = "Http", "..\..\Tipos\Http\Http.csproj", "{13CF4A38-8857-442E-A496-76982F0A1D48}"
EndProject
Global
	GlobalSection(SolutionConfigurationPlatforms) = preSolution
		Debug|Any CPU = Debug|Any CPU
		Debug|x86 = Debug|x86
		Release|Any CPU = Release|Any CPU
		Release|x86 = Release|x86
	EndGlobalSection
	GlobalSection(ProjectConfigurationPlatforms) = postSolution
		{56E0DD97-DE1B-4F71-BC58-C43BC17CC0A1}.Debug|Any CPU.ActiveCfg = Debug|Any CPU
		{56E0DD97-DE1B-4F71-BC58-C43BC17CC0A1}.Debug|Any CPU.Build.0 = Debug|Any CPU
		{56E0DD97-DE1B-4F71-BC58-C43BC17CC0A1}.Debug|x86.ActiveCfg = Debug|Any CPU
		{56E0DD97-DE1B-4F71-BC58-C43BC17CC0A1}.Debug|x86.Build.0 = Debug|Any CPU
		{56E0DD97-DE1B-4F71-BC58-C43BC17CC0A1}.Release|Any CPU.ActiveCfg = Release|Any CPU
		{56E0DD97-DE1B-4F71-BC58-C43BC17CC0A1}.Release|Any CPU.Build.0 = Release|Any CPU
		{56E0DD97-DE1B-4F71-BC58-C43BC17CC0A1}.Release|x86.ActiveCfg = Release|Any CPU
		{56E0DD97-DE1B-4F71-BC58-C43BC17CC0A1}.Release|x86.Build.0 = Release|Any CPU
		{9B488A84-5765-4776-B9E0-971116F5376B}.Debug|Any CPU.ActiveCfg = Debug|Any CPU
		{9B488A84-5765-4776-B9E0-971116F5376B}.Debug|Any CPU.Build.0 = Debug|Any CPU
		{9B488A84-5765-4776-B9E0-971116F5376B}.Debug|x86.ActiveCfg = Debug|Any CPU
		{9B488A84-5765-4776-B9E0-971116F5376B}.Debug|x86.Build.0 = Debug|Any CPU
		{9B488A84-5765-4776-B9E0-971116F5376B}.Release|Any CPU.ActiveCfg = Release|Any CPU
		{9B488A84-5765-4776-B9E0-971116F5376B}.Release|Any CPU.Build.0 = Release|Any CPU
		{9B488A84-5765-4776-B9E0-971116F5376B}.Release|x86.ActiveCfg = Release|Any CPU
		{9B488A84-5765-4776-B9E0-971116F5376B}.Release|x86.Build.0 = Release|Any CPU
		{5154207E-1CF9-4065-A4DE-456D8E369524}.Debug|Any CPU.ActiveCfg = Debug|Any CPU
		{5154207E-1CF9-4065-A4DE-456D8E369524}.Debug|Any CPU.Build.0 = Debug|Any CPU
		{5154207E-1CF9-4065-A4DE-456D8E369524}.Debug|x86.ActiveCfg = Debug|Any CPU
		{5154207E-1CF9-4065-A4DE-456D8E369524}.Debug|x86.Build.0 = Debug|Any CPU
		{5154207E-1CF9-4065-A4DE-456D8E369524}.Release|Any CPU.ActiveCfg = Release|Any CPU
		{5154207E-1CF9-4065-A4DE-456D8E369524}.Release|Any CPU.Build.0 = Release|Any CPU
		{5154207E-1CF9-4065-A4DE-456D8E369524}.Release|x86.ActiveCfg = Release|Any CPU
		{5154207E-1CF9-4065-A4DE-456D8E369524}.Release|x86.Build.0 = Release|Any CPU
		{7A5043D3-B280-49D6-8C69-9E02594141E5}.Debug|Any CPU.ActiveCfg = Debug|Any CPU
		{7A5043D3-B280-49D6-8C69-9E02594141E5}.Debug|Any CPU.Build.0 = Debug|Any CPU
		{7A5043D3-B280-49D6-8C69-9E02594141E5}.Debug|x86.ActiveCfg = Debug|Any CPU
		{7A5043D3-B280-49D6-8C69-9E02594141E5}.Debug|x86.Build.0 = Debug|Any CPU
		{7A5043D3-B280-49D6-8C69-9E02594141E5}.Release|Any CPU.ActiveCfg = Release|Any CPU
		{7A5043D3-B280-49D6-8C69-9E02594141E5}.Release|Any CPU.Build.0 = Release|Any CPU
		{7A5043D3-B280-49D6-8C69-9E02594141E5}.Release|x86.ActiveCfg = Release|Any CPU
		{7A5043D3-B280-49D6-8C69-9E02594141E5}.Release|x86.Build.0 = Release|Any CPU
		{13CF4A38-8857-442E-A496-76982F0A1D48}.Debug|Any CPU.ActiveCfg = Debug|Any CPU
		{13CF4A38-8857-442E-A496-76982F0A1D48}.Debug|Any CPU.Build.0 = Debug|Any CPU
		{13CF4A38-8857-442E-A496-76982F0A1D48}.Debug|x86.ActiveCfg = Debug|x86
		{13CF4A38-8857-442E-A496-76982F0A1D48}.Debug|x86.Build.0 = Debug|x86
		{13CF4A38-8857-442E-A496-76982F0A1D48}.Release|Any CPU.ActiveCfg = Release|Any CPU
		{13CF4A38-8857-442E-A496-76982F0A1D48}.Release|Any CPU.Build.0 = Release|Any CPU
		{13CF4A38-8857-442E-A496-76982F0A1D48}.Release|x86.ActiveCfg = Release|x86
		{13CF4A38-8857-442E-A496-76982F0A1D48}.Release|x86.Build.0 = Release|x86
	EndGlobalSection
	GlobalSection(SolutionProperties) = preSolution
		HideSolutionNode = FALSE
	EndGlobalSection
	GlobalSection(ExtensibilityGlobals) = postSolution
		SolutionGuid = {15082DA4-9040-4FA7-A6C6-D1446CB629B9}
	EndGlobalSection
EndGlobal
