
Microsoft Visual Studio Solution File, Format Version 12.00
# Visual Studio Version 17
VisualStudioVersion = 17.8.34330.188
MinimumVisualStudioVersion = 10.0.40219.1
Project("{9A19103F-16F7-4668-BE54-9A1E7A4F7556}") = "LIN.Cloud.Identity", "LIN.Cloud.Identity\LIN.Cloud.Identity.csproj", "{D7EF6814-1C64-44BC-BEAF-87835D44EEF8}"
EndProject
Project("{9A19103F-16F7-4668-BE54-9A1E7A4F7556}") = "LIN.Cloud.Identity.Persistence", "LIN.Cloud.Identity.Persistence\LIN.Cloud.Identity.Persistence.csproj", "{6E05CD1C-E4F0-4BCB-9BDE-CEB9278C6EB4}"
EndProject
Project("{9A19103F-16F7-4668-BE54-9A1E7A4F7556}") = "LIN.Identity.Tests", "LIN.Identity.Tests\LIN.Identity.Tests.csproj", "{157863A4-209B-42A0-AE80-F6C403692480}"
EndProject
Global
	GlobalSection(SolutionConfigurationPlatforms) = preSolution
		Debug|Any CPU = Debug|Any CPU
		Local|Any CPU = Local|Any CPU
		Release|Any CPU = Release|Any CPU
	EndGlobalSection
	GlobalSection(ProjectConfigurationPlatforms) = postSolution
		{D7EF6814-1C64-44BC-BEAF-87835D44EEF8}.Debug|Any CPU.ActiveCfg = Debug|Any CPU
		{D7EF6814-1C64-44BC-BEAF-87835D44EEF8}.Debug|Any CPU.Build.0 = Debug|Any CPU
		{D7EF6814-1C64-44BC-BEAF-87835D44EEF8}.Local|Any CPU.ActiveCfg = Local|Any CPU
		{D7EF6814-1C64-44BC-BEAF-87835D44EEF8}.Local|Any CPU.Build.0 = Local|Any CPU
		{D7EF6814-1C64-44BC-BEAF-87835D44EEF8}.Release|Any CPU.ActiveCfg = Release|Any CPU
		{D7EF6814-1C64-44BC-BEAF-87835D44EEF8}.Release|Any CPU.Build.0 = Release|Any CPU
		{6E05CD1C-E4F0-4BCB-9BDE-CEB9278C6EB4}.Debug|Any CPU.ActiveCfg = Debug|Any CPU
		{6E05CD1C-E4F0-4BCB-9BDE-CEB9278C6EB4}.Debug|Any CPU.Build.0 = Debug|Any CPU
		{6E05CD1C-E4F0-4BCB-9BDE-CEB9278C6EB4}.Local|Any CPU.ActiveCfg = Local|Any CPU
		{6E05CD1C-E4F0-4BCB-9BDE-CEB9278C6EB4}.Local|Any CPU.Build.0 = Local|Any CPU
		{6E05CD1C-E4F0-4BCB-9BDE-CEB9278C6EB4}.Release|Any CPU.ActiveCfg = Release|Any CPU
		{6E05CD1C-E4F0-4BCB-9BDE-CEB9278C6EB4}.Release|Any CPU.Build.0 = Release|Any CPU
		{157863A4-209B-42A0-AE80-F6C403692480}.Debug|Any CPU.ActiveCfg = Debug|Any CPU
		{157863A4-209B-42A0-AE80-F6C403692480}.Debug|Any CPU.Build.0 = Debug|Any CPU
		{157863A4-209B-42A0-AE80-F6C403692480}.Local|Any CPU.ActiveCfg = Local|Any CPU
		{157863A4-209B-42A0-AE80-F6C403692480}.Local|Any CPU.Build.0 = Local|Any CPU
		{157863A4-209B-42A0-AE80-F6C403692480}.Release|Any CPU.ActiveCfg = Release|Any CPU
		{157863A4-209B-42A0-AE80-F6C403692480}.Release|Any CPU.Build.0 = Release|Any CPU
	EndGlobalSection
	GlobalSection(SolutionProperties) = preSolution
		HideSolutionNode = FALSE
	EndGlobalSection
	GlobalSection(ExtensibilityGlobals) = postSolution
		SolutionGuid = {742D8B13-7C99-485E-B3EF-E51281923F66}
	EndGlobalSection
EndGlobal
