
Microsoft Visual Studio Solution File, Format Version 12.00
# Visual Studio Version 17
VisualStudioVersion = 17.8.34330.188
MinimumVisualStudioVersion = 10.0.40219.1
Project("{9A19103F-16F7-4668-BE54-9A1E7A4F7556}") = "LIN.Cloud.Identity", "LIN.Cloud.Identity\LIN.Cloud.Identity.csproj", "{D7EF6814-1C64-44BC-BEAF-87835D44EEF8}"
EndProject
Project("{9A19103F-16F7-4668-BE54-9A1E7A4F7556}") = "LIN.Cloud.Identity.Persistence", "LIN.Cloud.Identity.Persistence\LIN.Cloud.Identity.Persistence.csproj", "{6E05CD1C-E4F0-4BCB-9BDE-CEB9278C6EB4}"
EndProject
Project("{FAE04EC0-301F-11D3-BF4B-00C04F79EFBC}") = "LIN.Cloud.Identity.Services", "LIN.Cloud.Identity.Services\LIN.Cloud.Identity.Services.csproj", "{DB8A6B1A-0D70-4FF3-9494-10FFF5649F82}"
EndProject
Global
	GlobalSection(SolutionConfigurationPlatforms) = preSolution
		Debug|Any CPU = Debug|Any CPU
		Debug|x86 = Debug|x86
		Debug-dev|Any CPU = Debug-dev|Any CPU
		Debug-dev|x86 = Debug-dev|x86
		Local|Any CPU = Local|Any CPU
		Local|x86 = Local|x86
		Release|Any CPU = Release|Any CPU
		Release|x86 = Release|x86
		Release-dev|Any CPU = Release-dev|Any CPU
		Release-dev|x86 = Release-dev|x86
	EndGlobalSection
	GlobalSection(ProjectConfigurationPlatforms) = postSolution
		{D7EF6814-1C64-44BC-BEAF-87835D44EEF8}.Debug|Any CPU.ActiveCfg = Debug|Any CPU
		{D7EF6814-1C64-44BC-BEAF-87835D44EEF8}.Debug|Any CPU.Build.0 = Debug|Any CPU
		{D7EF6814-1C64-44BC-BEAF-87835D44EEF8}.Debug|x86.ActiveCfg = Debug|x86
		{D7EF6814-1C64-44BC-BEAF-87835D44EEF8}.Debug|x86.Build.0 = Debug|x86
		{D7EF6814-1C64-44BC-BEAF-87835D44EEF8}.Debug-dev|Any CPU.ActiveCfg = Debug-dev|Any CPU
		{D7EF6814-1C64-44BC-BEAF-87835D44EEF8}.Debug-dev|Any CPU.Build.0 = Debug-dev|Any CPU
		{D7EF6814-1C64-44BC-BEAF-87835D44EEF8}.Debug-dev|x86.ActiveCfg = Debug-dev|Any CPU
		{D7EF6814-1C64-44BC-BEAF-87835D44EEF8}.Debug-dev|x86.Build.0 = Debug-dev|Any CPU
		{D7EF6814-1C64-44BC-BEAF-87835D44EEF8}.Local|Any CPU.ActiveCfg = Local|Any CPU
		{D7EF6814-1C64-44BC-BEAF-87835D44EEF8}.Local|Any CPU.Build.0 = Local|Any CPU
		{D7EF6814-1C64-44BC-BEAF-87835D44EEF8}.Local|x86.ActiveCfg = Local|x86
		{D7EF6814-1C64-44BC-BEAF-87835D44EEF8}.Local|x86.Build.0 = Local|x86
		{D7EF6814-1C64-44BC-BEAF-87835D44EEF8}.Release|Any CPU.ActiveCfg = Release|Any CPU
		{D7EF6814-1C64-44BC-BEAF-87835D44EEF8}.Release|Any CPU.Build.0 = Release|Any CPU
		{D7EF6814-1C64-44BC-BEAF-87835D44EEF8}.Release|x86.ActiveCfg = Release|x86
		{D7EF6814-1C64-44BC-BEAF-87835D44EEF8}.Release|x86.Build.0 = Release|x86
		{D7EF6814-1C64-44BC-BEAF-87835D44EEF8}.Release-dev|Any CPU.ActiveCfg = Release-dev|Any CPU
		{D7EF6814-1C64-44BC-BEAF-87835D44EEF8}.Release-dev|Any CPU.Build.0 = Release-dev|Any CPU
		{D7EF6814-1C64-44BC-BEAF-87835D44EEF8}.Release-dev|x86.ActiveCfg = Release-dev|Any CPU
		{D7EF6814-1C64-44BC-BEAF-87835D44EEF8}.Release-dev|x86.Build.0 = Release-dev|Any CPU
		{6E05CD1C-E4F0-4BCB-9BDE-CEB9278C6EB4}.Debug|Any CPU.ActiveCfg = Debug|Any CPU
		{6E05CD1C-E4F0-4BCB-9BDE-CEB9278C6EB4}.Debug|Any CPU.Build.0 = Debug|Any CPU
		{6E05CD1C-E4F0-4BCB-9BDE-CEB9278C6EB4}.Debug|x86.ActiveCfg = Debug|x86
		{6E05CD1C-E4F0-4BCB-9BDE-CEB9278C6EB4}.Debug|x86.Build.0 = Debug|x86
		{6E05CD1C-E4F0-4BCB-9BDE-CEB9278C6EB4}.Debug-dev|Any CPU.ActiveCfg = Debug-dev|Any CPU
		{6E05CD1C-E4F0-4BCB-9BDE-CEB9278C6EB4}.Debug-dev|Any CPU.Build.0 = Debug-dev|Any CPU
		{6E05CD1C-E4F0-4BCB-9BDE-CEB9278C6EB4}.Debug-dev|x86.ActiveCfg = Debug-dev|Any CPU
		{6E05CD1C-E4F0-4BCB-9BDE-CEB9278C6EB4}.Debug-dev|x86.Build.0 = Debug-dev|Any CPU
		{6E05CD1C-E4F0-4BCB-9BDE-CEB9278C6EB4}.Local|Any CPU.ActiveCfg = Local|Any CPU
		{6E05CD1C-E4F0-4BCB-9BDE-CEB9278C6EB4}.Local|Any CPU.Build.0 = Local|Any CPU
		{6E05CD1C-E4F0-4BCB-9BDE-CEB9278C6EB4}.Local|x86.ActiveCfg = Local|x86
		{6E05CD1C-E4F0-4BCB-9BDE-CEB9278C6EB4}.Local|x86.Build.0 = Local|x86
		{6E05CD1C-E4F0-4BCB-9BDE-CEB9278C6EB4}.Release|Any CPU.ActiveCfg = Release|Any CPU
		{6E05CD1C-E4F0-4BCB-9BDE-CEB9278C6EB4}.Release|Any CPU.Build.0 = Release|Any CPU
		{6E05CD1C-E4F0-4BCB-9BDE-CEB9278C6EB4}.Release|x86.ActiveCfg = Release|x86
		{6E05CD1C-E4F0-4BCB-9BDE-CEB9278C6EB4}.Release|x86.Build.0 = Release|x86
		{6E05CD1C-E4F0-4BCB-9BDE-CEB9278C6EB4}.Release-dev|Any CPU.ActiveCfg = Release-dev|Any CPU
		{6E05CD1C-E4F0-4BCB-9BDE-CEB9278C6EB4}.Release-dev|Any CPU.Build.0 = Release-dev|Any CPU
		{6E05CD1C-E4F0-4BCB-9BDE-CEB9278C6EB4}.Release-dev|x86.ActiveCfg = Release-dev|Any CPU
		{6E05CD1C-E4F0-4BCB-9BDE-CEB9278C6EB4}.Release-dev|x86.Build.0 = Release-dev|Any CPU
		{DB8A6B1A-0D70-4FF3-9494-10FFF5649F82}.Debug|Any CPU.ActiveCfg = Debug|Any CPU
		{DB8A6B1A-0D70-4FF3-9494-10FFF5649F82}.Debug|Any CPU.Build.0 = Debug|Any CPU
		{DB8A6B1A-0D70-4FF3-9494-10FFF5649F82}.Debug|x86.ActiveCfg = Debug|Any CPU
		{DB8A6B1A-0D70-4FF3-9494-10FFF5649F82}.Debug|x86.Build.0 = Debug|Any CPU
		{DB8A6B1A-0D70-4FF3-9494-10FFF5649F82}.Debug-dev|Any CPU.ActiveCfg = Debug|Any CPU
		{DB8A6B1A-0D70-4FF3-9494-10FFF5649F82}.Debug-dev|Any CPU.Build.0 = Debug|Any CPU
		{DB8A6B1A-0D70-4FF3-9494-10FFF5649F82}.Debug-dev|x86.ActiveCfg = Debug|Any CPU
		{DB8A6B1A-0D70-4FF3-9494-10FFF5649F82}.Debug-dev|x86.Build.0 = Debug|Any CPU
		{DB8A6B1A-0D70-4FF3-9494-10FFF5649F82}.Local|Any CPU.ActiveCfg = Debug|Any CPU
		{DB8A6B1A-0D70-4FF3-9494-10FFF5649F82}.Local|Any CPU.Build.0 = Debug|Any CPU
		{DB8A6B1A-0D70-4FF3-9494-10FFF5649F82}.Local|x86.ActiveCfg = Debug|Any CPU
		{DB8A6B1A-0D70-4FF3-9494-10FFF5649F82}.Local|x86.Build.0 = Debug|Any CPU
		{DB8A6B1A-0D70-4FF3-9494-10FFF5649F82}.Release|Any CPU.ActiveCfg = Release|Any CPU
		{DB8A6B1A-0D70-4FF3-9494-10FFF5649F82}.Release|Any CPU.Build.0 = Release|Any CPU
		{DB8A6B1A-0D70-4FF3-9494-10FFF5649F82}.Release|x86.ActiveCfg = Release|Any CPU
		{DB8A6B1A-0D70-4FF3-9494-10FFF5649F82}.Release|x86.Build.0 = Release|Any CPU
		{DB8A6B1A-0D70-4FF3-9494-10FFF5649F82}.Release-dev|Any CPU.ActiveCfg = Release|Any CPU
		{DB8A6B1A-0D70-4FF3-9494-10FFF5649F82}.Release-dev|Any CPU.Build.0 = Release|Any CPU
		{DB8A6B1A-0D70-4FF3-9494-10FFF5649F82}.Release-dev|x86.ActiveCfg = Release|Any CPU
		{DB8A6B1A-0D70-4FF3-9494-10FFF5649F82}.Release-dev|x86.Build.0 = Release|Any CPU
	EndGlobalSection
	GlobalSection(SolutionProperties) = preSolution
		HideSolutionNode = FALSE
	EndGlobalSection
	GlobalSection(ExtensibilityGlobals) = postSolution
		SolutionGuid = {742D8B13-7C99-485E-B3EF-E51281923F66}
	EndGlobalSection
EndGlobal
